
Microsoft Visual Studio Solution File, Format Version 12.00
# Visual Studio Version 16
VisualStudioVersion = 16.0.31613.86
MinimumVisualStudioVersion = 10.0.40219.1
Project("{9A19103F-16F7-4668-BE54-9A1E7A4F7556}") = "c2s.endpoints", "c2s.endpoints.csproj", "{4CA13FB6-2465-460C-87BD-4F41338DE1EA}"
EndProject
Global
	GlobalSection(SolutionConfigurationPlatforms) = preSolution
		Debug|Any CPU = Debug|Any CPU
		Release|Any CPU = Release|Any CPU
	EndGlobalSection
	GlobalSection(ProjectConfigurationPlatforms) = postSolution
		{4CA13FB6-2465-460C-87BD-4F41338DE1EA}.Debug|Any CPU.ActiveCfg = Debug|Any CPU
		{4CA13FB6-2465-460C-87BD-4F41338DE1EA}.Debug|Any CPU.Build.0 = Debug|Any CPU
		{4CA13FB6-2465-460C-87BD-4F41338DE1EA}.Release|Any CPU.ActiveCfg = Release|Any CPU
		{4CA13FB6-2465-460C-87BD-4F41338DE1EA}.Release|Any CPU.Build.0 = Release|Any CPU
	EndGlobalSection
	GlobalSection(SolutionProperties) = preSolution
		HideSolutionNode = FALSE
	EndGlobalSection
	GlobalSection(ExtensibilityGlobals) = postSolution
		SolutionGuid = {AC1764FC-05FF-48D3-B5BE-11950543EF8E}
	EndGlobalSection
EndGlobal
